
Microsoft Visual Studio Solution File, Format Version 12.00
# Visual Studio Version 16
VisualStudioVersion = 16.0.31911.196
MinimumVisualStudioVersion = 10.0.40219.1
Project("{FAE04EC0-301F-11D3-BF4B-00C04F79EFBC}") = "20230608 DelegatePic", "20230608 DelegatePic\20230608 DelegatePic.csproj", "{B383079D-3C52-4B7E-8017-C9495CCA5991}"
EndProject
Global
	GlobalSection(SolutionConfigurationPlatforms) = preSolution
		Debug|Any CPU = Debug|Any CPU
		Release|Any CPU = Release|Any CPU
	EndGlobalSection
	GlobalSection(ProjectConfigurationPlatforms) = postSolution
		{B383079D-3C52-4B7E-8017-C9495CCA5991}.Debug|Any CPU.ActiveCfg = Debug|Any CPU
		{B383079D-3C52-4B7E-8017-C9495CCA5991}.Debug|Any CPU.Build.0 = Debug|Any CPU
		{B383079D-3C52-4B7E-8017-C9495CCA5991}.Release|Any CPU.ActiveCfg = Release|Any CPU
		{B383079D-3C52-4B7E-8017-C9495CCA5991}.Release|Any CPU.Build.0 = Release|Any CPU
	EndGlobalSection
	GlobalSection(SolutionProperties) = preSolution
		HideSolutionNode = FALSE
	EndGlobalSection
	GlobalSection(ExtensibilityGlobals) = postSolution
		SolutionGuid = {9B7CB6BD-72BE-4223-950D-799E0FBF3A38}
	EndGlobalSection
EndGlobal
